// !$*UTF8*$!
{
	archiveVersion = 1;
	classes = {
	};
	objectVersion = 46;
	objects = {

/* Begin PBXBuildFile section */
		65BB9CBC1B0316230067A4A5 /* AppDelegate.swift in Sources */ = {isa = PBXBuildFile; fileRef = 65BB9CBB1B0316230067A4A5 /* AppDelegate.swift */; };
		65BB9CBE1B0316230067A4A5 /* SearchController.swift in Sources */ = {isa = PBXBuildFile; fileRef = 65BB9CBD1B0316230067A4A5 /* SearchController.swift */; };
		65BB9CC11B0316230067A4A5 /* Main.storyboard in Resources */ = {isa = PBXBuildFile; fileRef = 65BB9CBF1B0316230067A4A5 /* Main.storyboard */; };
		65BB9CC31B0316230067A4A5 /* Images.xcassets in Resources */ = {isa = PBXBuildFile; fileRef = 65BB9CC21B0316230067A4A5 /* Images.xcassets */; };
		65BB9CC61B0316230067A4A5 /* LaunchScreen.xib in Resources */ = {isa = PBXBuildFile; fileRef = 65BB9CC41B0316230067A4A5 /* LaunchScreen.xib */; };
		65BB9CD21B0316230067A4A5 /* SearchControllerSampleTests.swift in Sources */ = {isa = PBXBuildFile; fileRef = 65BB9CD11B0316230067A4A5 /* SearchControllerSampleTests.swift */; };
/* End PBXBuildFile section */

/* Begin PBXContainerItemProxy section */
		65BB9CCC1B0316230067A4A5 /* PBXContainerItemProxy */ = {
			isa = PBXContainerItemProxy;
			containerPortal = 65BB9CAE1B0316230067A4A5 /* Project object */;
			proxyType = 1;
			remoteGlobalIDString = 65BB9CB51B0316230067A4A5;
			remoteInfo = SearchControllerSample;
		};
/* End PBXContainerItemProxy section */

/* Begin PBXFileReference section */
		65BB9CB61B0316230067A4A5 /* SearchControllerSample.app */ = {isa = PBXFileReference; explicitFileType = wrapper.application; includeInIndex = 0; path = SearchControllerSample.app; sourceTree = BUILT_PRODUCTS_DIR; };
		65BB9CBA1B0316230067A4A5 /* Info.plist */ = {isa = PBXFileReference; lastKnownFileType = text.plist.xml; path = Info.plist; sourceTree = "<group>"; };
		65BB9CBB1B0316230067A4A5 /* AppDelegate.swift */ = {isa = PBXFileReference; lastKnownFileType = sourcecode.swift; path = AppDelegate.swift; sourceTree = "<group>"; };
		65BB9CBD1B0316230067A4A5 /* SearchController.swift */ = {isa = PBXFileReference; lastKnownFileType = sourcecode.swift; path = SearchController.swift; sourceTree = "<group>"; };
		65BB9CC01B0316230067A4A5 /* Base */ = {isa = PBXFileReference; lastKnownFileType = file.storyboard; name = Base; path = Base.lproj/Main.storyboard; sourceTree = "<group>"; };
		65BB9CC21B0316230067A4A5 /* Images.xcassets */ = {isa = PBXFileReference; lastKnownFileType = folder.assetcatalog; path = Images.xcassets; sourceTree = "<group>"; };
		65BB9CC51B0316230067A4A5 /* Base */ = {isa = PBXFileReference; lastKnownFileType = file.xib; name = Base; path = Base.lproj/LaunchScreen.xib; sourceTree = "<group>"; };
		65BB9CCB1B0316230067A4A5 /* SearchControllerSampleTests.xctest */ = {isa = PBXFileReference; explicitFileType = wrapper.cfbundle; includeInIndex = 0; path = SearchControllerSampleTests.xctest; sourceTree = BUILT_PRODUCTS_DIR; };
		65BB9CD01B0316230067A4A5 /* Info.plist */ = {isa = PBXFileReference; lastKnownFileType = text.plist.xml; path = Info.plist; sourceTree = "<group>"; };
		65BB9CD11B0316230067A4A5 /* SearchControllerSampleTests.swift */ = {isa = PBXFileReference; lastKnownFileType = sourcecode.swift; path = SearchControllerSampleTests.swift; sourceTree = "<group>"; };
/* End PBXFileReference section */

/* Begin PBXFrameworksBuildPhase section */
		65BB9CB31B0316230067A4A5 /* Frameworks */ = {
			isa = PBXFrameworksBuildPhase;
			buildActionMask = 2147483647;
			files = (
			);
			runOnlyForDeploymentPostprocessing = 0;
		};
		65BB9CC81B0316230067A4A5 /* Frameworks */ = {
			isa = PBXFrameworksBuildPhase;
			buildActionMask = 2147483647;
			files = (
			);
			runOnlyForDeploymentPostprocessing = 0;
		};
/* End PBXFrameworksBuildPhase section */

/* Begin PBXGroup section */
		65BB9CAD1B0316230067A4A5 = {
			isa = PBXGroup;
			children = (
				65BB9CB81B0316230067A4A5 /* SearchControllerSample */,
				65BB9CCE1B0316230067A4A5 /* SearchControllerSampleTests */,
				65BB9CB71B0316230067A4A5 /* Products */,
			);
			sourceTree = "<group>";
		};
		65BB9CB71B0316230067A4A5 /* Products */ = {
			isa = PBXGroup;
			children = (
				65BB9CB61B0316230067A4A5 /* SearchControllerSample.app */,
				65BB9CCB1B0316230067A4A5 /* SearchControllerSampleTests.xctest */,
			);
			name = Products;
			sourceTree = "<group>";
		};
		65BB9CB81B0316230067A4A5 /* SearchControllerSample */ = {
			isa = PBXGroup;
			children = (
				65BB9CBB1B0316230067A4A5 /* AppDelegate.swift */,
				65BB9CBD1B0316230067A4A5 /* SearchController.swift */,
				65BB9CBF1B0316230067A4A5 /* Main.storyboard */,
				65BB9CC21B0316230067A4A5 /* Images.xcassets */,
				65BB9CC41B0316230067A4A5 /* LaunchScreen.xib */,
				65BB9CB91B0316230067A4A5 /* Supporting Files */,
			);
			path = SearchControllerSample;
			sourceTree = "<group>";
		};
		65BB9CB91B0316230067A4A5 /* Supporting Files */ = {
			isa = PBXGroup;
			children = (
				65BB9CBA1B0316230067A4A5 /* Info.plist */,
			);
			name = "Supporting Files";
			sourceTree = "<group>";
		};
		65BB9CCE1B0316230067A4A5 /* SearchControllerSampleTests */ = {
			isa = PBXGroup;
			children = (
				65BB9CD11B0316230067A4A5 /* SearchControllerSampleTests.swift */,
				65BB9CCF1B0316230067A4A5 /* Supporting Files */,
			);
			path = SearchControllerSampleTests;
			sourceTree = "<group>";
		};
		65BB9CCF1B0316230067A4A5 /* Supporting Files */ = {
			isa = PBXGroup;
			children = (
				65BB9CD01B0316230067A4A5 /* Info.plist */,
			);
			name = "Supporting Files";
			sourceTree = "<group>";
		};
/* End PBXGroup section */

/* Begin PBXNativeTarget section */
		65BB9CB51B0316230067A4A5 /* SearchControllerSample */ = {
			isa = PBXNativeTarget;
			buildConfigurationList = 65BB9CD51B0316230067A4A5 /* Build configuration list for PBXNativeTarget "SearchControllerSample" */;
			buildPhases = (
				65BB9CB21B0316230067A4A5 /* Sources */,
				65BB9CB31B0316230067A4A5 /* Frameworks */,
				65BB9CB41B0316230067A4A5 /* Resources */,
			);
			buildRules = (
			);
			dependencies = (
			);
			name = SearchControllerSample;
			productName = SearchControllerSample;
			productReference = 65BB9CB61B0316230067A4A5 /* SearchControllerSample.app */;
			productType = "com.apple.product-type.application";
		};
		65BB9CCA1B0316230067A4A5 /* SearchControllerSampleTests */ = {
			isa = PBXNativeTarget;
			buildConfigurationList = 65BB9CD81B0316230067A4A5 /* Build configuration list for PBXNativeTarget "SearchControllerSampleTests" */;
			buildPhases = (
				65BB9CC71B0316230067A4A5 /* Sources */,
				65BB9CC81B0316230067A4A5 /* Frameworks */,
				65BB9CC91B0316230067A4A5 /* Resources */,
			);
			buildRules = (
			);
			dependencies = (
				65BB9CCD1B0316230067A4A5 /* PBXTargetDependency */,
			);
			name = SearchControllerSampleTests;
			productName = SearchControllerSampleTests;
			productReference = 65BB9CCB1B0316230067A4A5 /* SearchControllerSampleTests.xctest */;
			productType = "com.apple.product-type.bundle.unit-test";
		};
/* End PBXNativeTarget section */

/* Begin PBXProject section */
		65BB9CAE1B0316230067A4A5 /* Project object */ = {
			isa = PBXProject;
			attributes = {
				LastUpgradeCheck = 0630;
				ORGANIZATIONNAME = "Hirohisa Kawasaki";
				TargetAttributes = {
					65BB9CB51B0316230067A4A5 = {
						CreatedOnToolsVersion = 6.3.1;
					};
					65BB9CCA1B0316230067A4A5 = {
						CreatedOnToolsVersion = 6.3.1;
						TestTargetID = 65BB9CB51B0316230067A4A5;
					};
				};
			};
			buildConfigurationList = 65BB9CB11B0316230067A4A5 /* Build configuration list for PBXProject "SearchControllerSample" */;
			compatibilityVersion = "Xcode 3.2";
			developmentRegion = English;
			hasScannedForEncodings = 0;
			knownRegions = (
				en,
				Base,
			);
			mainGroup = 65BB9CAD1B0316230067A4A5;
			productRefGroup = 65BB9CB71B0316230067A4A5 /* Products */;
			projectDirPath = "";
			projectRoot = "";
			targets = (
				65BB9CB51B0316230067A4A5 /* SearchControllerSample */,
				65BB9CCA1B0316230067A4A5 /* SearchControllerSampleTests */,
			);
		};
/* End PBXProject section */

/* Begin PBXResourcesBuildPhase section */
		65BB9CB41B0316230067A4A5 /* Resources */ = {
			isa = PBXResourcesBuildPhase;
			buildActionMask = 2147483647;
			files = (
				65BB9CC11B0316230067A4A5 /* Main.storyboard in Resources */,
				65BB9CC61B0316230067A4A5 /* LaunchScreen.xib in Resources */,
				65BB9CC31B0316230067A4A5 /* Images.xcassets in Resources */,
			);
			runOnlyForDeploymentPostprocessing = 0;
		};
		65BB9CC91B0316230067A4A5 /* Resources */ = {
			isa = PBXResourcesBuildPhase;
			buildActionMask = 2147483647;
			files = (
			);
			runOnlyForDeploymentPostprocessing = 0;
		};
/* End PBXResourcesBuildPhase section */

/* Begin PBXSourcesBuildPhase section */
		65BB9CB21B0316230067A4A5 /* Sources */ = {
			isa = PBXSourcesBuildPhase;
			buildActionMask = 2147483647;
			files = (
				65BB9CBE1B0316230067A4A5 /* SearchController.swift in Sources */,
				65BB9CBC1B0316230067A4A5 /* AppDelegate.swift in Sources */,
			);
			runOnlyForDeploymentPostprocessing = 0;
		};
		65BB9CC71B0316230067A4A5 /* Sources */ = {
			isa = PBXSourcesBuildPhase;
			buildActionMask = 2147483647;
			files = (
				65BB9CD21B0316230067A4A5 /* SearchControllerSampleTests.swift in Sources */,
			);
			runOnlyForDeploymentPostprocessing = 0;
		};
/* End PBXSourcesBuildPhase section */

/* Begin PBXTargetDependency section */
		65BB9CCD1B0316230067A4A5 /* PBXTargetDependency */ = {
			isa = PBXTargetDependency;
			target = 65BB9CB51B0316230067A4A5 /* SearchControllerSample */;
			targetProxy = 65BB9CCC1B0316230067A4A5 /* PBXContainerItemProxy */;
		};
/* End PBXTargetDependency section */

/* Begin PBXVariantGroup section */
		65BB9CBF1B0316230067A4A5 /* Main.storyboard */ = {
			isa = PBXVariantGroup;
			children = (
				65BB9CC01B0316230067A4A5 /* Base */,
			);
			name = Main.storyboard;
			sourceTree = "<group>";
		};
		65BB9CC41B0316230067A4A5 /* LaunchScreen.xib */ = {
			isa = PBXVariantGroup;
			children = (
				65BB9CC51B0316230067A4A5 /* Base */,
			);
			name = LaunchScreen.xib;
			sourceTree = "<group>";
		};
/* End PBXVariantGroup section */

/* Begin XCBuildConfiguration section */
		65BB9CD31B0316230067A4A5 /* Debug */ = {
			isa = XCBuildConfiguration;
			buildSettings = {
				ALWAYS_SEARCH_USER_PATHS = NO;
				CLANG_CXX_LANGUAGE_STANDARD = "gnu++0x";
				CLANG_CXX_LIBRARY = "libc++";
				CLANG_ENABLE_MODULES = YES;
				CLANG_ENABLE_OBJC_ARC = YES;
				CLANG_WARN_BOOL_CONVERSION = YES;
				CLANG_WARN_CONSTANT_CONVERSION = YES;
				CLANG_WARN_DIRECT_OBJC_ISA_USAGE = YES_ERROR;
				CLANG_WARN_EMPTY_BODY = YES;
				CLANG_WARN_ENUM_CONVERSION = YES;
				CLANG_WARN_INT_CONVERSION = YES;
				CLANG_WARN_OBJC_ROOT_CLASS = YES_ERROR;
				CLANG_WARN_UNREACHABLE_CODE = YES;
				CLANG_WARN__DUPLICATE_METHOD_MATCH = YES;
				"CODE_SIGN_IDENTITY[sdk=iphoneos*]" = "iPhone Developer";
				COPY_PHASE_STRIP = NO;
				DEBUG_INFORMATION_FORMAT = "dwarf-with-dsym";
				ENABLE_STRICT_OBJC_MSGSEND = YES;
				GCC_C_LANGUAGE_STANDARD = gnu99;
				GCC_DYNAMIC_NO_PIC = NO;
				GCC_NO_COMMON_BLOCKS = YES;
				GCC_OPTIMIZATION_LEVEL = 0;
				GCC_PREPROCESSOR_DEFINITIONS = (
					"DEBUG=1",
					"$(inherited)",
				);
				GCC_SYMBOLS_PRIVATE_EXTERN = NO;
				GCC_WARN_64_TO_32_BIT_CONVERSION = YES;
				GCC_WARN_ABOUT_RETURN_TYPE = YES_ERROR;
				GCC_WARN_UNDECLARED_SELECTOR = YES;
				GCC_WARN_UNINITIALIZED_AUTOS = YES_AGGRESSIVE;
				GCC_WARN_UNUSED_FUNCTION = YES;
				GCC_WARN_UNUSED_VARIABLE = YES;
				IPHONEOS_DEPLOYMENT_TARGET = 8.3;
				MTL_ENABLE_DEBUG_INFO = YES;
				ONLY_ACTIVE_ARCH = YES;
				SDKROOT = iphoneos;
				SWIFT_OPTIMIZATION_LEVEL = "-Onone";
				TARGETED_DEVICE_FAMILY = "1,2";
			};
			name = Debug;
		};
		65BB9CD41B0316230067A4A5 /* Release */ = {
			isa = XCBuildConfiguration;
			buildSettings = {
				ALWAYS_SEARCH_USER_PATHS = NO;
				CLANG_CXX_LANGUAGE_STANDARD = "gnu++0x";
				CLANG_CXX_LIBRARY = "libc++";
				CLANG_ENABLE_MODULES = YES;
				CLANG_ENABLE_OBJC_ARC = YES;
				CLANG_WARN_BOOL_CONVERSION = YES;
				CLANG_WARN_CONSTANT_CONVERSION = YES;
				CLANG_WARN_DIRECT_OBJC_ISA_USAGE = YES_ERROR;
				CLANG_WARN_EMPTY_BODY = YES;
				CLANG_WARN_ENUM_CONVERSION = YES;
				CLANG_WARN_INT_CONVERSION = YES;
				CLANG_WARN_OBJC_ROOT_CLASS = YES_ERROR;
				CLANG_WARN_UNREACHABLE_CODE = YES;
				CLANG_WARN__DUPLICATE_METHOD_MATCH = YES;
				"CODE_SIGN_IDENTITY[sdk=iphoneos*]" = "iPhone Developer";
				COPY_PHASE_STRIP = NO;
				DEBUG_INFORMATION_FORMAT = "dwarf-with-dsym";
				ENABLE_NS_ASSERTIONS = NO;
				ENABLE_STRICT_OBJC_MSGSEND = YES;
				GCC_C_LANGUAGE_STANDARD = gnu99;
				GCC_NO_COMMON_BLOCKS = YES;
				GCC_WARN_64_TO_32_BIT_CONVERSION = YES;
				GCC_WARN_ABOUT_RETURN_TYPE = YES_ERROR;
				GCC_WARN_UNDECLARED_SELECTOR = YES;
				GCC_WARN_UNINITIALIZED_AUTOS = YES_AGGRESSIVE;
				GCC_WARN_UNUSED_FUNCTION = YES;
				GCC_WARN_UNUSED_VARIABLE = YES;
				IPHONEOS_DEPLOYMENT_TARGET = 8.3;
				MTL_ENABLE_DEBUG_INFO = NO;
				SDKROOT = iphoneos;
				TARGETED_DEVICE_FAMILY = "1,2";
				VALIDATE_PRODUCT = YES;
			};
			name = Release;
		};
		65BB9CD61B0316230067A4A5 /* Debug */ = {
			isa = XCBuildConfiguration;
			buildSettings = {
				ASSETCATALOG_COMPILER_APPICON_NAME = AppIcon;
				INFOPLIST_FILE = SearchControllerSample/Info.plist;
				LD_RUNPATH_SEARCH_PATHS = "$(inherited) @executable_path/Frameworks";
				PRODUCT_NAME = "$(TARGET_NAME)";
			};
			name = Debug;
		};
		65BB9CD71B0316230067A4A5 /* Release */ = {
			isa = XCBuildConfiguration;
			buildSettings = {
				ASSETCATALOG_COMPILER_APPICON_NAME = AppIcon;
				INFOPLIST_FILE = SearchControllerSample/Info.plist;
				LD_RUNPATH_SEARCH_PATHS = "$(inherited) @executable_path/Frameworks";
				PRODUCT_NAME = "$(TARGET_NAME)";
			};
			name = Release;
		};
		65BB9CD91B0316230067A4A5 /* Debug */ = {
			isa = XCBuildConfiguration;
			buildSettings = {
				BUNDLE_LOADER = "$(TEST_HOST)";
				FRAMEWORK_SEARCH_PATHS = (
					"$(SDKROOT)/Developer/Library/Frameworks",
					"$(inherited)",
				);
				GCC_PREPROCESSOR_DEFINITIONS = (
					"DEBUG=1",
					"$(inherited)",
				);
				INFOPLIST_FILE = SearchControllerSampleTests/Info.plist;
				LD_RUNPATH_SEARCH_PATHS = "$(inherited) @executable_path/Frameworks @loader_path/Frameworks";
				PRODUCT_NAME = "$(TARGET_NAME)";
				TEST_HOST = "$(BUILT_PRODUCTS_DIR)/SearchControllerSample.app/SearchControllerSample";
			};
			name = Debug;
		};
		65BB9CDA1B0316230067A4A5 /* Release */ = {
			isa = XCBuildConfiguration;
			buildSettings = {
				BUNDLE_LOADER = "$(TEST_HOST)";
				FRAMEWORK_SEARCH_PATHS = (
					"$(SDKROOT)/Developer/Library/Frameworks",
					"$(inherited)",
				);
				INFOPLIST_FILE = SearchControllerSampleTests/Info.plist;
				LD_RUNPATH_SEARCH_PATHS = "$(inherited) @executable_path/Frameworks @loader_path/Frameworks";
				PRODUCT_NAME = "$(TARGET_NAME)";
				TEST_HOST = "$(BUILT_PRODUCTS_DIR)/SearchControllerSample.app/SearchControllerSample";
			};
			name = Release;
		};
/* End XCBuildConfiguration section */

/* Begin XCConfigurationList section */
		65BB9CB11B0316230067A4A5 /* Build configuration list for PBXProject "SearchControllerSample" */ = {
			isa = XCConfigurationList;
			buildConfigurations = (
				65BB9CD31B0316230067A4A5 /* Debug */,
				65BB9CD41B0316230067A4A5 /* Release */,
			);
			defaultConfigurationIsVisible = 0;
			defaultConfigurationName = Release;
		};
		65BB9CD51B0316230067A4A5 /* Build configuration list for PBXNativeTarget "SearchControllerSample" */ = {
			isa = XCConfigurationList;
			buildConfigurations = (
				65BB9CD61B0316230067A4A5 /* Debug */,
				65BB9CD71B0316230067A4A5 /* Release */,
			);
			defaultConfigurationIsVisible = 0;
		};
		65BB9CD81B0316230067A4A5 /* Build configuration list for PBXNativeTarget "SearchControllerSampleTests" */ = {
			isa = XCConfigurationList;
			buildConfigurations = (
				65BB9CD91B0316230067A4A5 /* Debug */,
				65BB9CDA1B0316230067A4A5 /* Release */,
			);
			defaultConfigurationIsVisible = 0;
		};
/* End XCConfigurationList section */
	};
	rootObject = 65BB9CAE1B0316230067A4A5 /* Project object */;
}
